// !$*UTF8*$!
{
	archiveVersion = 1;
	classes = {
	};
	objectVersion = 56;
	objects = {

/* Begin PBXBuildFile section */
		1797900C2B9C39F20094F918 /* DuriMealApp.swift in Sources */ = {isa = PBXBuildFile; fileRef = 1797900B2B9C39F20094F918 /* DuriMealApp.swift */; };
		179790102B9C39F30094F918 /* Assets.xcassets in Resources */ = {isa = PBXBuildFile; fileRef = 1797900F2B9C39F30094F918 /* Assets.xcassets */; };
		179790132B9C39F30094F918 /* Preview Assets.xcassets in Resources */ = {isa = PBXBuildFile; fileRef = 179790122B9C39F30094F918 /* Preview Assets.xcassets */; };
		179790152B9C39F30094F918 /* Persistence.swift in Sources */ = {isa = PBXBuildFile; fileRef = 179790142B9C39F30094F918 /* Persistence.swift */; };
		179790182B9C39F30094F918 /* DuriMeal.xcdatamodeld in Sources */ = {isa = PBXBuildFile; fileRef = 179790162B9C39F30094F918 /* DuriMeal.xcdatamodeld */; };
		179A63512BE74322005D78B4 /* SwiftSoupManager.swift in Sources */ = {isa = PBXBuildFile; fileRef = 179A63502BE74322005D78B4 /* SwiftSoupManager.swift */; };
		179A63532BE778A0005D78B4 /* Int+Extension.swift in Sources */ = {isa = PBXBuildFile; fileRef = 179A63522BE778A0005D78B4 /* Int+Extension.swift */; };
		179D4CE92BE5FEB100DF77C8 /* MainView.swift in Sources */ = {isa = PBXBuildFile; fileRef = 179D4CE82BE5FEB100DF77C8 /* MainView.swift */; };
		179F6E532BF49B66008BEF0D /* Enum.swift in Sources */ = {isa = PBXBuildFile; fileRef = 179F6E522BF49B66008BEF0D /* Enum.swift */; };
		17DAA41C2BA5797A00FB63CA /* Meal.swift in Sources */ = {isa = PBXBuildFile; fileRef = 17DAA41B2BA5797A00FB63CA /* Meal.swift */; };
		17DAA4262BA7DAD900FB63CA /* MealViewModel.swift in Sources */ = {isa = PBXBuildFile; fileRef = 17DAA4252BA7DAD900FB63CA /* MealViewModel.swift */; };
		4E1A64A0A23D822BD7D7D6B6 /* Pods_DuriMeal.framework in Frameworks */ = {isa = PBXBuildFile; fileRef = EE7532406B36C6CDD5E0C205 /* Pods_DuriMeal.framework */; };
/* End PBXBuildFile section */

/* Begin PBXFileReference section */
		179790082B9C39F20094F918 /* DuriMeal.app */ = {isa = PBXFileReference; explicitFileType = wrapper.application; includeInIndex = 0; path = DuriMeal.app; sourceTree = BUILT_PRODUCTS_DIR; };
		1797900B2B9C39F20094F918 /* DuriMealApp.swift */ = {isa = PBXFileReference; lastKnownFileType = sourcecode.swift; path = DuriMealApp.swift; sourceTree = "<group>"; };
		1797900F2B9C39F30094F918 /* Assets.xcassets */ = {isa = PBXFileReference; lastKnownFileType = folder.assetcatalog; path = Assets.xcassets; sourceTree = "<group>"; };
		179790122B9C39F30094F918 /* Preview Assets.xcassets */ = {isa = PBXFileReference; lastKnownFileType = folder.assetcatalog; path = "Preview Assets.xcassets"; sourceTree = "<group>"; };
		179790142B9C39F30094F918 /* Persistence.swift */ = {isa = PBXFileReference; lastKnownFileType = sourcecode.swift; path = Persistence.swift; sourceTree = "<group>"; };
		179790172B9C39F30094F918 /* DuriMeal.xcdatamodel */ = {isa = PBXFileReference; lastKnownFileType = wrapper.xcdatamodel; path = DuriMeal.xcdatamodel; sourceTree = "<group>"; };
		179790192B9C39F30094F918 /* DuriMeal.entitlements */ = {isa = PBXFileReference; lastKnownFileType = text.plist.entitlements; path = DuriMeal.entitlements; sourceTree = "<group>"; };
		1797901A2B9C39F30094F918 /* Info.plist */ = {isa = PBXFileReference; lastKnownFileType = text.plist.xml; path = Info.plist; sourceTree = "<group>"; };
		179A63502BE74322005D78B4 /* SwiftSoupManager.swift */ = {isa = PBXFileReference; lastKnownFileType = sourcecode.swift; path = SwiftSoupManager.swift; sourceTree = "<group>"; };
		179A63522BE778A0005D78B4 /* Int+Extension.swift */ = {isa = PBXFileReference; lastKnownFileType = sourcecode.swift; path = "Int+Extension.swift"; sourceTree = "<group>"; };
		179D4CE82BE5FEB100DF77C8 /* MainView.swift */ = {isa = PBXFileReference; lastKnownFileType = sourcecode.swift; path = MainView.swift; sourceTree = "<group>"; };
		179F6E522BF49B66008BEF0D /* Enum.swift */ = {isa = PBXFileReference; lastKnownFileType = sourcecode.swift; path = Enum.swift; sourceTree = "<group>"; };
		17DAA41B2BA5797A00FB63CA /* Meal.swift */ = {isa = PBXFileReference; lastKnownFileType = sourcecode.swift; path = Meal.swift; sourceTree = "<group>"; };
		17DAA4252BA7DAD900FB63CA /* MealViewModel.swift */ = {isa = PBXFileReference; lastKnownFileType = sourcecode.swift; path = MealViewModel.swift; sourceTree = "<group>"; };
		2100CC2B35E3277BB629CF22 /* Pods-DuriMeal.release.xcconfig */ = {isa = PBXFileReference; includeInIndex = 1; lastKnownFileType = text.xcconfig; name = "Pods-DuriMeal.release.xcconfig"; path = "Target Support Files/Pods-DuriMeal/Pods-DuriMeal.release.xcconfig"; sourceTree = "<group>"; };
		776BFA85B0C4DA2678857734 /* Pods-DuriMeal.debug.xcconfig */ = {isa = PBXFileReference; includeInIndex = 1; lastKnownFileType = text.xcconfig; name = "Pods-DuriMeal.debug.xcconfig"; path = "Target Support Files/Pods-DuriMeal/Pods-DuriMeal.debug.xcconfig"; sourceTree = "<group>"; };
		EE7532406B36C6CDD5E0C205 /* Pods_DuriMeal.framework */ = {isa = PBXFileReference; explicitFileType = wrapper.framework; includeInIndex = 0; path = Pods_DuriMeal.framework; sourceTree = BUILT_PRODUCTS_DIR; };
/* End PBXFileReference section */

/* Begin PBXFrameworksBuildPhase section */
		179790052B9C39F20094F918 /* Frameworks */ = {
			isa = PBXFrameworksBuildPhase;
			buildActionMask = 2147483647;
			files = (
				4E1A64A0A23D822BD7D7D6B6 /* Pods_DuriMeal.framework in Frameworks */,
			);
			runOnlyForDeploymentPostprocessing = 0;
		};
/* End PBXFrameworksBuildPhase section */

/* Begin PBXGroup section */
		17978FFF2B9C39F20094F918 = {
			isa = PBXGroup;
			children = (
				1797900A2B9C39F20094F918 /* DuriMeal */,
				179790092B9C39F20094F918 /* Products */,
				64EB811439123DB827490FC4 /* Pods */,
				3E4177557C9637ABD908E606 /* Frameworks */,
			);
			sourceTree = "<group>";
		};
		179790092B9C39F20094F918 /* Products */ = {
			isa = PBXGroup;
			children = (
				179790082B9C39F20094F918 /* DuriMeal.app */,
			);
			name = Products;
			sourceTree = "<group>";
		};
		1797900A2B9C39F20094F918 /* DuriMeal */ = {
			isa = PBXGroup;
			children = (
				179F6E4E2BF499F3008BEF0D /* App */,
				17DAA41D2BA6CE0000FB63CA /* Models */,
				17DAA41E2BA6CE0700FB63CA /* Views */,
				179F6E512BF49A76008BEF0D /* ViewModels */,
				17DAA41F2BA6CE1100FB63CA /* Managers */,
				179F6E502BF49A14008BEF0D /* Extensions */,
				179F6E4F2BF49A01008BEF0D /* Resources */,
				179790112B9C39F30094F918 /* Preview Content */,
			);
			path = DuriMeal;
			sourceTree = "<group>";
		};
		179790112B9C39F30094F918 /* Preview Content */ = {
			isa = PBXGroup;
			children = (
				179790122B9C39F30094F918 /* Preview Assets.xcassets */,
			);
			path = "Preview Content";
			sourceTree = "<group>";
		};
		179F6E4E2BF499F3008BEF0D /* App */ = {
			isa = PBXGroup;
			children = (
				1797900B2B9C39F20094F918 /* DuriMealApp.swift */,
				179790142B9C39F30094F918 /* Persistence.swift */,
			);
			path = App;
			sourceTree = "<group>";
		};
		179F6E4F2BF49A01008BEF0D /* Resources */ = {
			isa = PBXGroup;
			children = (
				1797900F2B9C39F30094F918 /* Assets.xcassets */,
				179790192B9C39F30094F918 /* DuriMeal.entitlements */,
				179790162B9C39F30094F918 /* DuriMeal.xcdatamodeld */,
				1797901A2B9C39F30094F918 /* Info.plist */,
			);
			path = Resources;
			sourceTree = "<group>";
		};
		179F6E502BF49A14008BEF0D /* Extensions */ = {
			isa = PBXGroup;
			children = (
				179A63522BE778A0005D78B4 /* Int+Extension.swift */,
			);
			path = Extensions;
			sourceTree = "<group>";
		};
		179F6E512BF49A76008BEF0D /* ViewModels */ = {
			isa = PBXGroup;
			children = (
				17DAA4252BA7DAD900FB63CA /* MealViewModel.swift */,
			);
			path = ViewModels;
			sourceTree = "<group>";
		};
		17DAA41D2BA6CE0000FB63CA /* Models */ = {
			isa = PBXGroup;
			children = (
				17DAA41B2BA5797A00FB63CA /* Meal.swift */,
				179F6E522BF49B66008BEF0D /* Enum.swift */,
			);
			path = Models;
			sourceTree = "<group>";
		};
		17DAA41E2BA6CE0700FB63CA /* Views */ = {
			isa = PBXGroup;
			children = (
				179D4CE82BE5FEB100DF77C8 /* MainView.swift */,
			);
			path = Views;
			sourceTree = "<group>";
		};
		17DAA41F2BA6CE1100FB63CA /* Managers */ = {
			isa = PBXGroup;
			children = (
				179A63502BE74322005D78B4 /* SwiftSoupManager.swift */,
			);
			path = Managers;
			sourceTree = "<group>";
		};
		3E4177557C9637ABD908E606 /* Frameworks */ = {
			isa = PBXGroup;
			children = (
				EE7532406B36C6CDD5E0C205 /* Pods_DuriMeal.framework */,
			);
			name = Frameworks;
			sourceTree = "<group>";
		};
		64EB811439123DB827490FC4 /* Pods */ = {
			isa = PBXGroup;
			children = (
				776BFA85B0C4DA2678857734 /* Pods-DuriMeal.debug.xcconfig */,
				2100CC2B35E3277BB629CF22 /* Pods-DuriMeal.release.xcconfig */,
			);
			path = Pods;
			sourceTree = "<group>";
		};
/* End PBXGroup section */

/* Begin PBXNativeTarget section */
		179790072B9C39F20094F918 /* DuriMeal */ = {
			isa = PBXNativeTarget;
			buildConfigurationList = 1797901D2B9C39F30094F918 /* Build configuration list for PBXNativeTarget "DuriMeal" */;
			buildPhases = (
				5EE60ECF0CB7CE52DDF10F72 /* [CP] Check Pods Manifest.lock */,
				179790042B9C39F20094F918 /* Sources */,
				179790052B9C39F20094F918 /* Frameworks */,
				179790062B9C39F20094F918 /* Resources */,
				42B3C64BA13B5121C7376EAD /* [CP] Embed Pods Frameworks */,
			);
			buildRules = (
			);
			dependencies = (
			);
			name = DuriMeal;
			productName = DuriMeal;
			productReference = 179790082B9C39F20094F918 /* DuriMeal.app */;
			productType = "com.apple.product-type.application";
		};
/* End PBXNativeTarget section */

/* Begin PBXProject section */
		179790002B9C39F20094F918 /* Project object */ = {
			isa = PBXProject;
			attributes = {
				BuildIndependentTargetsInParallel = 1;
				LastSwiftUpdateCheck = 1520;
				LastUpgradeCheck = 1520;
				TargetAttributes = {
					179790072B9C39F20094F918 = {
						CreatedOnToolsVersion = 15.2;
					};
				};
			};
			buildConfigurationList = 179790032B9C39F20094F918 /* Build configuration list for PBXProject "DuriMeal" */;
			compatibilityVersion = "Xcode 14.0";
			developmentRegion = en;
			hasScannedForEncodings = 0;
			knownRegions = (
				en,
				Base,
			);
			mainGroup = 17978FFF2B9C39F20094F918;
			productRefGroup = 179790092B9C39F20094F918 /* Products */;
			projectDirPath = "";
			projectRoot = "";
			targets = (
				179790072B9C39F20094F918 /* DuriMeal */,
			);
		};
/* End PBXProject section */

/* Begin PBXResourcesBuildPhase section */
		179790062B9C39F20094F918 /* Resources */ = {
			isa = PBXResourcesBuildPhase;
			buildActionMask = 2147483647;
			files = (
				179790132B9C39F30094F918 /* Preview Assets.xcassets in Resources */,
				179790102B9C39F30094F918 /* Assets.xcassets in Resources */,
			);
			runOnlyForDeploymentPostprocessing = 0;
		};
/* End PBXResourcesBuildPhase section */

/* Begin PBXShellScriptBuildPhase section */
		42B3C64BA13B5121C7376EAD /* [CP] Embed Pods Frameworks */ = {
			isa = PBXShellScriptBuildPhase;
			buildActionMask = 2147483647;
			files = (
			);
			inputFileListPaths = (
				"${PODS_ROOT}/Target Support Files/Pods-DuriMeal/Pods-DuriMeal-frameworks-${CONFIGURATION}-input-files.xcfilelist",
			);
			name = "[CP] Embed Pods Frameworks";
			outputFileListPaths = (
				"${PODS_ROOT}/Target Support Files/Pods-DuriMeal/Pods-DuriMeal-frameworks-${CONFIGURATION}-output-files.xcfilelist",
			);
			runOnlyForDeploymentPostprocessing = 0;
			shellPath = /bin/sh;
			shellScript = "\"${PODS_ROOT}/Target Support Files/Pods-DuriMeal/Pods-DuriMeal-frameworks.sh\"\n";
			showEnvVarsInLog = 0;
		};
		5EE60ECF0CB7CE52DDF10F72 /* [CP] Check Pods Manifest.lock */ = {
			isa = PBXShellScriptBuildPhase;
			buildActionMask = 2147483647;
			files = (
			);
			inputFileListPaths = (
			);
			inputPaths = (
				"${PODS_PODFILE_DIR_PATH}/Podfile.lock",
				"${PODS_ROOT}/Manifest.lock",
			);
			name = "[CP] Check Pods Manifest.lock";
			outputFileListPaths = (
			);
			outputPaths = (
				"$(DERIVED_FILE_DIR)/Pods-DuriMeal-checkManifestLockResult.txt",
			);
			runOnlyForDeploymentPostprocessing = 0;
			shellPath = /bin/sh;
			shellScript = "diff \"${PODS_PODFILE_DIR_PATH}/Podfile.lock\" \"${PODS_ROOT}/Manifest.lock\" > /dev/null\nif [ $? != 0 ] ; then\n    # print error to STDERR\n    echo \"error: The sandbox is not in sync with the Podfile.lock. Run 'pod install' or update your CocoaPods installation.\" >&2\n    exit 1\nfi\n# This output is used by Xcode 'outputs' to avoid re-running this script phase.\necho \"SUCCESS\" > \"${SCRIPT_OUTPUT_FILE_0}\"\n";
			showEnvVarsInLog = 0;
		};
/* End PBXShellScriptBuildPhase section */

/* Begin PBXSourcesBuildPhase section */
		179790042B9C39F20094F918 /* Sources */ = {
			isa = PBXSourcesBuildPhase;
			buildActionMask = 2147483647;
			files = (
				179790182B9C39F30094F918 /* DuriMeal.xcdatamodeld in Sources */,
				179790152B9C39F30094F918 /* Persistence.swift in Sources */,
				179D4CE92BE5FEB100DF77C8 /* MainView.swift in Sources */,
				179A63532BE778A0005D78B4 /* Int+Extension.swift in Sources */,
				17DAA4262BA7DAD900FB63CA /* MealViewModel.swift in Sources */,
				179F6E532BF49B66008BEF0D /* Enum.swift in Sources */,
				179A63512BE74322005D78B4 /* SwiftSoupManager.swift in Sources */,
				17DAA41C2BA5797A00FB63CA /* Meal.swift in Sources */,
				1797900C2B9C39F20094F918 /* DuriMealApp.swift in Sources */,
			);
			runOnlyForDeploymentPostprocessing = 0;
		};
/* End PBXSourcesBuildPhase section */

/* Begin XCBuildConfiguration section */
		1797901B2B9C39F30094F918 /* Debug */ = {
			isa = XCBuildConfiguration;
			buildSettings = {
				ALWAYS_SEARCH_USER_PATHS = NO;
				ASSETCATALOG_COMPILER_GENERATE_SWIFT_ASSET_SYMBOL_EXTENSIONS = YES;
				CLANG_ANALYZER_NONNULL = YES;
				CLANG_ANALYZER_NUMBER_OBJECT_CONVERSION = YES_AGGRESSIVE;
				CLANG_CXX_LANGUAGE_STANDARD = "gnu++20";
				CLANG_ENABLE_MODULES = YES;
				CLANG_ENABLE_OBJC_ARC = YES;
				CLANG_ENABLE_OBJC_WEAK = YES;
				CLANG_WARN_BLOCK_CAPTURE_AUTORELEASING = YES;
				CLANG_WARN_BOOL_CONVERSION = YES;
				CLANG_WARN_COMMA = YES;
				CLANG_WARN_CONSTANT_CONVERSION = YES;
				CLANG_WARN_DEPRECATED_OBJC_IMPLEMENTATIONS = YES;
				CLANG_WARN_DIRECT_OBJC_ISA_USAGE = YES_ERROR;
				CLANG_WARN_DOCUMENTATION_COMMENTS = YES;
				CLANG_WARN_EMPTY_BODY = YES;
				CLANG_WARN_ENUM_CONVERSION = YES;
				CLANG_WARN_INFINITE_RECURSION = YES;
				CLANG_WARN_INT_CONVERSION = YES;
				CLANG_WARN_NON_LITERAL_NULL_CONVERSION = YES;
				CLANG_WARN_OBJC_IMPLICIT_RETAIN_SELF = YES;
				CLANG_WARN_OBJC_LITERAL_CONVERSION = YES;
				CLANG_WARN_OBJC_ROOT_CLASS = YES_ERROR;
				CLANG_WARN_QUOTED_INCLUDE_IN_FRAMEWORK_HEADER = YES;
				CLANG_WARN_RANGE_LOOP_ANALYSIS = YES;
				CLANG_WARN_STRICT_PROTOTYPES = YES;
				CLANG_WARN_SUSPICIOUS_MOVE = YES;
				CLANG_WARN_UNGUARDED_AVAILABILITY = YES_AGGRESSIVE;
				CLANG_WARN_UNREACHABLE_CODE = YES;
				CLANG_WARN__DUPLICATE_METHOD_MATCH = YES;
				COPY_PHASE_STRIP = NO;
				DEBUG_INFORMATION_FORMAT = dwarf;
				ENABLE_STRICT_OBJC_MSGSEND = YES;
				ENABLE_TESTABILITY = YES;
				ENABLE_USER_SCRIPT_SANDBOXING = NO;
				GCC_C_LANGUAGE_STANDARD = gnu17;
				GCC_DYNAMIC_NO_PIC = NO;
				GCC_NO_COMMON_BLOCKS = YES;
				GCC_OPTIMIZATION_LEVEL = 0;
				GCC_PREPROCESSOR_DEFINITIONS = (
					"DEBUG=1",
					"$(inherited)",
				);
				GCC_WARN_64_TO_32_BIT_CONVERSION = YES;
				GCC_WARN_ABOUT_RETURN_TYPE = YES_ERROR;
				GCC_WARN_UNDECLARED_SELECTOR = YES;
				GCC_WARN_UNINITIALIZED_AUTOS = YES_AGGRESSIVE;
				GCC_WARN_UNUSED_FUNCTION = YES;
				GCC_WARN_UNUSED_VARIABLE = YES;
				IPHONEOS_DEPLOYMENT_TARGET = 17.2;
				LOCALIZATION_PREFERS_STRING_CATALOGS = YES;
				MTL_ENABLE_DEBUG_INFO = INCLUDE_SOURCE;
				MTL_FAST_MATH = YES;
				ONLY_ACTIVE_ARCH = YES;
				SDKROOT = iphoneos;
				SWIFT_ACTIVE_COMPILATION_CONDITIONS = "DEBUG $(inherited)";
				SWIFT_OPTIMIZATION_LEVEL = "-Onone";
			};
			name = Debug;
		};
		1797901C2B9C39F30094F918 /* Release */ = {
			isa = XCBuildConfiguration;
			buildSettings = {
				ALWAYS_SEARCH_USER_PATHS = NO;
				ASSETCATALOG_COMPILER_GENERATE_SWIFT_ASSET_SYMBOL_EXTENSIONS = YES;
				CLANG_ANALYZER_NONNULL = YES;
				CLANG_ANALYZER_NUMBER_OBJECT_CONVERSION = YES_AGGRESSIVE;
				CLANG_CXX_LANGUAGE_STANDARD = "gnu++20";
				CLANG_ENABLE_MODULES = YES;
				CLANG_ENABLE_OBJC_ARC = YES;
				CLANG_ENABLE_OBJC_WEAK = YES;
				CLANG_WARN_BLOCK_CAPTURE_AUTORELEASING = YES;
				CLANG_WARN_BOOL_CONVERSION = YES;
				CLANG_WARN_COMMA = YES;
				CLANG_WARN_CONSTANT_CONVERSION = YES;
				CLANG_WARN_DEPRECATED_OBJC_IMPLEMENTATIONS = YES;
				CLANG_WARN_DIRECT_OBJC_ISA_USAGE = YES_ERROR;
				CLANG_WARN_DOCUMENTATION_COMMENTS = YES;
				CLANG_WARN_EMPTY_BODY = YES;
				CLANG_WARN_ENUM_CONVERSION = YES;
				CLANG_WARN_INFINITE_RECURSION = YES;
				CLANG_WARN_INT_CONVERSION = YES;
				CLANG_WARN_NON_LITERAL_NULL_CONVERSION = YES;
				CLANG_WARN_OBJC_IMPLICIT_RETAIN_SELF = YES;
				CLANG_WARN_OBJC_LITERAL_CONVERSION = YES;
				CLANG_WARN_OBJC_ROOT_CLASS = YES_ERROR;
				CLANG_WARN_QUOTED_INCLUDE_IN_FRAMEWORK_HEADER = YES;
				CLANG_WARN_RANGE_LOOP_ANALYSIS = YES;
				CLANG_WARN_STRICT_PROTOTYPES = YES;
				CLANG_WARN_SUSPICIOUS_MOVE = YES;
				CLANG_WARN_UNGUARDED_AVAILABILITY = YES_AGGRESSIVE;
				CLANG_WARN_UNREACHABLE_CODE = YES;
				CLANG_WARN__DUPLICATE_METHOD_MATCH = YES;
				COPY_PHASE_STRIP = NO;
				DEBUG_INFORMATION_FORMAT = "dwarf-with-dsym";
				ENABLE_NS_ASSERTIONS = NO;
				ENABLE_STRICT_OBJC_MSGSEND = YES;
				ENABLE_USER_SCRIPT_SANDBOXING = NO;
				GCC_C_LANGUAGE_STANDARD = gnu17;
				GCC_NO_COMMON_BLOCKS = YES;
				GCC_WARN_64_TO_32_BIT_CONVERSION = YES;
				GCC_WARN_ABOUT_RETURN_TYPE = YES_ERROR;
				GCC_WARN_UNDECLARED_SELECTOR = YES;
				GCC_WARN_UNINITIALIZED_AUTOS = YES_AGGRESSIVE;
				GCC_WARN_UNUSED_FUNCTION = YES;
				GCC_WARN_UNUSED_VARIABLE = YES;
				IPHONEOS_DEPLOYMENT_TARGET = 17.2;
				LOCALIZATION_PREFERS_STRING_CATALOGS = YES;
				MTL_ENABLE_DEBUG_INFO = NO;
				MTL_FAST_MATH = YES;
				SDKROOT = iphoneos;
				SWIFT_COMPILATION_MODE = wholemodule;
				VALIDATE_PRODUCT = YES;
			};
			name = Release;
		};
		1797901E2B9C39F30094F918 /* Debug */ = {
			isa = XCBuildConfiguration;
			baseConfigurationReference = 776BFA85B0C4DA2678857734 /* Pods-DuriMeal.debug.xcconfig */;
			buildSettings = {
				ASSETCATALOG_COMPILER_APPICON_NAME = AppIcon;
				ASSETCATALOG_COMPILER_GLOBAL_ACCENT_COLOR_NAME = AccentColor;
				CODE_SIGN_ENTITLEMENTS = DuriMeal/Resources/DuriMeal.entitlements;
				CODE_SIGN_STYLE = Automatic;
				CURRENT_PROJECT_VERSION = 1;
				DEVELOPMENT_ASSET_PATHS = "\"DuriMeal/Preview Content\"";
				DEVELOPMENT_TEAM = 47PZ53ZAF2;
				ENABLE_PREVIEWS = YES;
				GENERATE_INFOPLIST_FILE = YES;
				INFOPLIST_FILE = DuriMeal/Resources/Info.plist;
				INFOPLIST_KEY_UIApplicationSceneManifest_Generation = YES;
				INFOPLIST_KEY_UIApplicationSupportsIndirectInputEvents = YES;
				INFOPLIST_KEY_UILaunchScreen_Generation = YES;
				INFOPLIST_KEY_UISupportedInterfaceOrientations_iPad = "UIInterfaceOrientationPortrait UIInterfaceOrientationPortraitUpsideDown UIInterfaceOrientationLandscapeLeft UIInterfaceOrientationLandscapeRight";
				INFOPLIST_KEY_UISupportedInterfaceOrientations_iPhone = "UIInterfaceOrientationPortrait UIInterfaceOrientationLandscapeLeft UIInterfaceOrientationLandscapeRight";
				LD_RUNPATH_SEARCH_PATHS = (
					"$(inherited)",
					"@executable_path/Frameworks",
				);
				MARKETING_VERSION = 1.0;
				PRODUCT_BUNDLE_IDENTIFIER = namudi.DuriMeal;
				PRODUCT_NAME = "$(TARGET_NAME)";
				SUPPORTED_PLATFORMS = "iphoneos iphonesimulator";
				SUPPORTS_MACCATALYST = NO;
				SUPPORTS_MAC_DESIGNED_FOR_IPHONE_IPAD = NO;
				SUPPORTS_XR_DESIGNED_FOR_IPHONE_IPAD = NO;
				SWIFT_EMIT_LOC_STRINGS = YES;
				SWIFT_VERSION = 5.0;
				TARGETED_DEVICE_FAMILY = 1;
			};
			name = Debug;
		};
		1797901F2B9C39F30094F918 /* Release */ = {
			isa = XCBuildConfiguration;
			baseConfigurationReference = 2100CC2B35E3277BB629CF22 /* Pods-DuriMeal.release.xcconfig */;
			buildSettings = {
				ASSETCATALOG_COMPILER_APPICON_NAME = AppIcon;
				ASSETCATALOG_COMPILER_GLOBAL_ACCENT_COLOR_NAME = AccentColor;
				CODE_SIGN_ENTITLEMENTS = DuriMeal/Resources/DuriMeal.entitlements;
				CODE_SIGN_STYLE = Automatic;
				CURRENT_PROJECT_VERSION = 1;
				DEVELOPMENT_ASSET_PATHS = "\"DuriMeal/Preview Content\"";
				DEVELOPMENT_TEAM = 47PZ53ZAF2;
				ENABLE_PREVIEWS = YES;
				GENERATE_INFOPLIST_FILE = YES;
				INFOPLIST_FILE = DuriMeal/Resources/Info.plist;
				INFOPLIST_KEY_UIApplicationSceneManifest_Generation = YES;
				INFOPLIST_KEY_UIApplicationSupportsIndirectInputEvents = YES;
				INFOPLIST_KEY_UILaunchScreen_Generation = YES;
				INFOPLIST_KEY_UISupportedInterfaceOrientations_iPad = "UIInterfaceOrientationPortrait UIInterfaceOrientationPortraitUpsideDown UIInterfaceOrientationLandscapeLeft UIInterfaceOrientationLandscapeRight";
				INFOPLIST_KEY_UISupportedInterfaceOrientations_iPhone = "UIInterfaceOrientationPortrait UIInterfaceOrientationLandscapeLeft UIInterfaceOrientationLandscapeRight";
				LD_RUNPATH_SEARCH_PATHS = (
					"$(inherited)",
					"@executable_path/Frameworks",
				);
				MARKETING_VERSION = 1.0;
				PRODUCT_BUNDLE_IDENTIFIER = namudi.DuriMeal;
				PRODUCT_NAME = "$(TARGET_NAME)";
				SUPPORTED_PLATFORMS = "iphoneos iphonesimulator";
				SUPPORTS_MACCATALYST = NO;
				SUPPORTS_MAC_DESIGNED_FOR_IPHONE_IPAD = NO;
				SUPPORTS_XR_DESIGNED_FOR_IPHONE_IPAD = NO;
				SWIFT_EMIT_LOC_STRINGS = YES;
				SWIFT_VERSION = 5.0;
				TARGETED_DEVICE_FAMILY = 1;
			};
			name = Release;
		};
/* End XCBuildConfiguration section */

/* Begin XCConfigurationList section */
		179790032B9C39F20094F918 /* Build configuration list for PBXProject "DuriMeal" */ = {
			isa = XCConfigurationList;
			buildConfigurations = (
				1797901B2B9C39F30094F918 /* Debug */,
				1797901C2B9C39F30094F918 /* Release */,
			);
			defaultConfigurationIsVisible = 0;
			defaultConfigurationName = Release;
		};
		1797901D2B9C39F30094F918 /* Build configuration list for PBXNativeTarget "DuriMeal" */ = {
			isa = XCConfigurationList;
			buildConfigurations = (
				1797901E2B9C39F30094F918 /* Debug */,
				1797901F2B9C39F30094F918 /* Release */,
			);
			defaultConfigurationIsVisible = 0;
			defaultConfigurationName = Release;
		};
/* End XCConfigurationList section */

/* Begin XCVersionGroup section */
		179790162B9C39F30094F918 /* DuriMeal.xcdatamodeld */ = {
			isa = XCVersionGroup;
			children = (
				179790172B9C39F30094F918 /* DuriMeal.xcdatamodel */,
			);
			currentVersion = 179790172B9C39F30094F918 /* DuriMeal.xcdatamodel */;
			path = DuriMeal.xcdatamodeld;
			sourceTree = "<group>";
			versionGroupType = wrapper.xcdatamodel;
		};
/* End XCVersionGroup section */
	};
	rootObject = 179790002B9C39F20094F918 /* Project object */;
}
